
Microsoft Visual Studio Solution File, Format Version 12.00
# Visual Studio Version 17
VisualStudioVersion = 17.1.32328.378
MinimumVisualStudioVersion = 10.0.40219.1
Project("{FAE04EC0-301F-11D3-BF4B-00C04F79EFBC}") = "Final_Project", "Final_Project\Final_Project.csproj", "{7F35CE02-DA63-4F2E-B85F-B2F306336049}"
EndProject
Global
	GlobalSection(SolutionConfigurationPlatforms) = preSolution
		Debug|Any CPU = Debug|Any CPU
		Release|Any CPU = Release|Any CPU
	EndGlobalSection
	GlobalSection(ProjectConfigurationPlatforms) = postSolution
		{7F35CE02-DA63-4F2E-B85F-B2F306336049}.Debug|Any CPU.ActiveCfg = Debug|Any CPU
		{7F35CE02-DA63-4F2E-B85F-B2F306336049}.Debug|Any CPU.Build.0 = Debug|Any CPU
		{7F35CE02-DA63-4F2E-B85F-B2F306336049}.Release|Any CPU.ActiveCfg = Release|Any CPU
		{7F35CE02-DA63-4F2E-B85F-B2F306336049}.Release|Any CPU.Build.0 = Release|Any CPU
	EndGlobalSection
	GlobalSection(SolutionProperties) = preSolution
		HideSolutionNode = FALSE
	EndGlobalSection
	GlobalSection(ExtensibilityGlobals) = postSolution
		SolutionGuid = {41F74F70-3703-4581-9FFA-BD6F7D616DAA}
	EndGlobalSection
EndGlobal
